
Microsoft Visual Studio Solution File, Format Version 12.00
# Visual Studio Version 17
VisualStudioVersion = 17.0.31903.59
MinimumVisualStudioVersion = 10.0.40219.1
Project("{FAE04EC0-301F-11D3-BF4B-00C04F79EFBC}") = "Domain", "..\Domain\Domain.csproj", "{ADA79F55-8BF2-447F-8B9E-677AEAF86D2B}"
EndProject
Project("{FAE04EC0-301F-11D3-BF4B-00C04F79EFBC}") = "Application", "..\Application\Application.csproj", "{EC10ECA3-9B1F-4E85-929A-9BFB2F05B3FF}"
EndProject
Project("{FAE04EC0-301F-11D3-BF4B-00C04F79EFBC}") = "Infrastructure", "..\Infrastructure\Infrastructure.csproj", "{AFC84C05-A09E-43EC-9813-9A2496D375E5}"
EndProject
Project("{FAE04EC0-301F-11D3-BF4B-00C04F79EFBC}") = "Presentation", "..\Presentation\Presentation.csproj", "{86FCBD34-5E64-41EB-B2B6-39642851B674}"
EndProject
Global
	GlobalSection(SolutionConfigurationPlatforms) = preSolution
		Debug|Any CPU = Debug|Any CPU
		Release|Any CPU = Release|Any CPU
	EndGlobalSection
	GlobalSection(SolutionProperties) = preSolution
		HideSolutionNode = FALSE
	EndGlobalSection
	GlobalSection(ProjectConfigurationPlatforms) = postSolution
		{ADA79F55-8BF2-447F-8B9E-677AEAF86D2B}.Debug|Any CPU.ActiveCfg = Debug|Any CPU
		{ADA79F55-8BF2-447F-8B9E-677AEAF86D2B}.Debug|Any CPU.Build.0 = Debug|Any CPU
		{ADA79F55-8BF2-447F-8B9E-677AEAF86D2B}.Release|Any CPU.ActiveCfg = Release|Any CPU
		{ADA79F55-8BF2-447F-8B9E-677AEAF86D2B}.Release|Any CPU.Build.0 = Release|Any CPU
		{EC10ECA3-9B1F-4E85-929A-9BFB2F05B3FF}.Debug|Any CPU.ActiveCfg = Debug|Any CPU
		{EC10ECA3-9B1F-4E85-929A-9BFB2F05B3FF}.Debug|Any CPU.Build.0 = Debug|Any CPU
		{EC10ECA3-9B1F-4E85-929A-9BFB2F05B3FF}.Release|Any CPU.ActiveCfg = Release|Any CPU
		{EC10ECA3-9B1F-4E85-929A-9BFB2F05B3FF}.Release|Any CPU.Build.0 = Release|Any CPU
		{AFC84C05-A09E-43EC-9813-9A2496D375E5}.Debug|Any CPU.ActiveCfg = Debug|Any CPU
		{AFC84C05-A09E-43EC-9813-9A2496D375E5}.Debug|Any CPU.Build.0 = Debug|Any CPU
		{AFC84C05-A09E-43EC-9813-9A2496D375E5}.Release|Any CPU.ActiveCfg = Release|Any CPU
		{AFC84C05-A09E-43EC-9813-9A2496D375E5}.Release|Any CPU.Build.0 = Release|Any CPU
		{86FCBD34-5E64-41EB-B2B6-39642851B674}.Debug|Any CPU.ActiveCfg = Debug|Any CPU
		{86FCBD34-5E64-41EB-B2B6-39642851B674}.Debug|Any CPU.Build.0 = Debug|Any CPU
		{86FCBD34-5E64-41EB-B2B6-39642851B674}.Release|Any CPU.ActiveCfg = Release|Any CPU
		{86FCBD34-5E64-41EB-B2B6-39642851B674}.Release|Any CPU.Build.0 = Release|Any CPU
	EndGlobalSection
EndGlobal
